Microsoft Visual Studio Solution File, Format Version 12.00
# Visual Studio Version 17
VisualStudioVersion = 17.5.2.0
MinimumVisualStudioVersion = 10.0.40219.1
Project("{2150E333-8FDC-42A3-9474-1A3956D46DE8}") = "noc-hub", "noc-hub", "{0B5FF08D-5F1F-320E-224F-72B471528AF5}"
EndProject
Project("{FAE04EC0-301F-11D3-BF4B-00C04F79EFBC}") = "NocHub", "noc-hub\NocHub.csproj", "{7CD7F92A-7C9E-97A6-E909-DE95F656BEC5}"
EndProject
Global
	GlobalSection(SolutionConfigurationPlatforms) = preSolution
		Debug|Any CPU = Debug|Any CPU
		Release|Any CPU = Release|Any CPU
	EndGlobalSection
	GlobalSection(ProjectConfigurationPlatforms) = postSolution
		{7CD7F92A-7C9E-97A6-E909-DE95F656BEC5}.Debug|Any CPU.ActiveCfg = Debug|Any CPU
		{7CD7F92A-7C9E-97A6-E909-DE95F656BEC5}.Debug|Any CPU.Build.0 = Debug|Any CPU
		{7CD7F92A-7C9E-97A6-E909-DE95F656BEC5}.Release|Any CPU.ActiveCfg = Release|Any CPU
		{7CD7F92A-7C9E-97A6-E909-DE95F656BEC5}.Release|Any CPU.Build.0 = Release|Any CPU
	EndGlobalSection
	GlobalSection(SolutionProperties) = preSolution
		HideSolutionNode = FALSE
	EndGlobalSection
	GlobalSection(NestedProjects) = preSolution
		{7CD7F92A-7C9E-97A6-E909-DE95F656BEC5} = {0B5FF08D-5F1F-320E-224F-72B471528AF5}
	EndGlobalSection
	GlobalSection(ExtensibilityGlobals) = postSolution
		SolutionGuid = {E75D5608-E2D3-48E7-A9AE-763F241D47C3}
	EndGlobalSection
EndGlobal
